// !$*UTF8*$!
{
	archiveVersion = 1;
	classes = {
	};
	objectVersion = 46;
	objects = {

/* Begin PBXBuildFile section */
		CD23DE1A1A08EB5A007B1B64 /* AppDelegate.swift in Sources */ = {isa = PBXBuildFile; fileRef = CD23DE191A08EB5A007B1B64 /* AppDelegate.swift */; };
		CD23DE1F1A08EB5A007B1B64 /* Main.storyboard in Resources */ = {isa = PBXBuildFile; fileRef = CD23DE1D1A08EB5A007B1B64 /* Main.storyboard */; };
		CD23DE211A08EB5A007B1B64 /* Images.xcassets in Resources */ = {isa = PBXBuildFile; fileRef = CD23DE201A08EB5A007B1B64 /* Images.xcassets */; };
		CD23DE241A08EB5A007B1B64 /* LaunchScreen.xib in Resources */ = {isa = PBXBuildFile; fileRef = CD23DE221A08EB5A007B1B64 /* LaunchScreen.xib */; };
		CD23DE301A08EB5A007B1B64 /* FutureFilmsTests.swift in Sources */ = {isa = PBXBuildFile; fileRef = CD23DE2F1A08EB5A007B1B64 /* FutureFilmsTests.swift */; };
		CD23DE3A1A08EC0F007B1B64 /* Movie.swift in Sources */ = {isa = PBXBuildFile; fileRef = CD23DE391A08EC0F007B1B64 /* Movie.swift */; };
		CD23DE3C1A08EC4D007B1B64 /* MovieManager.swift in Sources */ = {isa = PBXBuildFile; fileRef = CD23DE3B1A08EC4D007B1B64 /* MovieManager.swift */; };
		CD23DE3E1A08F63B007B1B64 /* MoviesTableViewController.swift in Sources */ = {isa = PBXBuildFile; fileRef = CD23DE3D1A08F63B007B1B64 /* MoviesTableViewController.swift */; };
/* End PBXBuildFile section */

/* Begin PBXContainerItemProxy section */
		CD23DE2A1A08EB5A007B1B64 /* PBXContainerItemProxy */ = {
			isa = PBXContainerItemProxy;
			containerPortal = CD23DE0C1A08EB59007B1B64 /* Project object */;
			proxyType = 1;
			remoteGlobalIDString = CD23DE131A08EB59007B1B64;
			remoteInfo = FutureFilms;
		};
/* End PBXContainerItemProxy section */

/* Begin PBXFileReference section */
		CD23DE141A08EB59007B1B64 /* FutureFilms.app */ = {isa = PBXFileReference; explicitFileType = wrapper.application; includeInIndex = 0; path = FutureFilms.app; sourceTree = BUILT_PRODUCTS_DIR; };
		CD23DE181A08EB5A007B1B64 /* Info.plist */ = {isa = PBXFileReference; lastKnownFileType = text.plist.xml; path = Info.plist; sourceTree = "<group>"; };
		CD23DE191A08EB5A007B1B64 /* AppDelegate.swift */ = {isa = PBXFileReference; lastKnownFileType = sourcecode.swift; path = AppDelegate.swift; sourceTree = "<group>"; };
		CD23DE1E1A08EB5A007B1B64 /* Base */ = {isa = PBXFileReference; lastKnownFileType = file.storyboard; name = Base; path = Base.lproj/Main.storyboard; sourceTree = "<group>"; };
		CD23DE201A08EB5A007B1B64 /* Images.xcassets */ = {isa = PBXFileReference; lastKnownFileType = folder.assetcatalog; path = Images.xcassets; sourceTree = "<group>"; };
		CD23DE231A08EB5A007B1B64 /* Base */ = {isa = PBXFileReference; lastKnownFileType = file.xib; name = Base; path = Base.lproj/LaunchScreen.xib; sourceTree = "<group>"; };
		CD23DE291A08EB5A007B1B64 /* FutureFilmsTests.xctest */ = {isa = PBXFileReference; explicitFileType = wrapper.cfbundle; includeInIndex = 0; path = FutureFilmsTests.xctest; sourceTree = BUILT_PRODUCTS_DIR; };
		CD23DE2E1A08EB5A007B1B64 /* Info.plist */ = {isa = PBXFileReference; lastKnownFileType = text.plist.xml; path = Info.plist; sourceTree = "<group>"; };
		CD23DE2F1A08EB5A007B1B64 /* FutureFilmsTests.swift */ = {isa = PBXFileReference; lastKnownFileType = sourcecode.swift; path = FutureFilmsTests.swift; sourceTree = "<group>"; };
		CD23DE391A08EC0F007B1B64 /* Movie.swift */ = {isa = PBXFileReference; fileEncoding = 4; lastKnownFileType = sourcecode.swift; path = Movie.swift; sourceTree = "<group>"; };
		CD23DE3B1A08EC4D007B1B64 /* MovieManager.swift */ = {isa = PBXFileReference; fileEncoding = 4; lastKnownFileType = sourcecode.swift; path = MovieManager.swift; sourceTree = "<group>"; };
		CD23DE3D1A08F63B007B1B64 /* MoviesTableViewController.swift */ = {isa = PBXFileReference; fileEncoding = 4; lastKnownFileType = sourcecode.swift; path = MoviesTableViewController.swift; sourceTree = "<group>"; };
/* End PBXFileReference section */

/* Begin PBXFrameworksBuildPhase section */
		CD23DE111A08EB59007B1B64 /* Frameworks */ = {
			isa = PBXFrameworksBuildPhase;
			buildActionMask = 2147483647;
			files = (
			);
			runOnlyForDeploymentPostprocessing = 0;
		};
		CD23DE261A08EB5A007B1B64 /* Frameworks */ = {
			isa = PBXFrameworksBuildPhase;
			buildActionMask = 2147483647;
			files = (
			);
			runOnlyForDeploymentPostprocessing = 0;
		};
/* End PBXFrameworksBuildPhase section */

/* Begin PBXGroup section */
		CD23DE0B1A08EB59007B1B64 = {
			isa = PBXGroup;
			children = (
				CD23DE161A08EB59007B1B64 /* FutureFilms */,
				CD23DE2C1A08EB5A007B1B64 /* FutureFilmsTests */,
				CD23DE151A08EB59007B1B64 /* Products */,
			);
			sourceTree = "<group>";
		};
		CD23DE151A08EB59007B1B64 /* Products */ = {
			isa = PBXGroup;
			children = (
				CD23DE141A08EB59007B1B64 /* FutureFilms.app */,
				CD23DE291A08EB5A007B1B64 /* FutureFilmsTests.xctest */,
			);
			name = Products;
			sourceTree = "<group>";
		};
		CD23DE161A08EB59007B1B64 /* FutureFilms */ = {
			isa = PBXGroup;
			children = (
				CD23DE1D1A08EB5A007B1B64 /* Main.storyboard */,
				CD23DE191A08EB5A007B1B64 /* AppDelegate.swift */,
				CD23DE391A08EC0F007B1B64 /* Movie.swift */,
				CD23DE3B1A08EC4D007B1B64 /* MovieManager.swift */,
				CD23DE3D1A08F63B007B1B64 /* MoviesTableViewController.swift */,
				CD23DE201A08EB5A007B1B64 /* Images.xcassets */,
				CD23DE221A08EB5A007B1B64 /* LaunchScreen.xib */,
				CD23DE171A08EB59007B1B64 /* Supporting Files */,
			);
			path = FutureFilms;
			sourceTree = "<group>";
		};
		CD23DE171A08EB59007B1B64 /* Supporting Files */ = {
			isa = PBXGroup;
			children = (
				CD23DE181A08EB5A007B1B64 /* Info.plist */,
			);
			name = "Supporting Files";
			sourceTree = "<group>";
		};
		CD23DE2C1A08EB5A007B1B64 /* FutureFilmsTests */ = {
			isa = PBXGroup;
			children = (
				CD23DE2F1A08EB5A007B1B64 /* FutureFilmsTests.swift */,
				CD23DE2D1A08EB5A007B1B64 /* Supporting Files */,
			);
			path = FutureFilmsTests;
			sourceTree = "<group>";
		};
		CD23DE2D1A08EB5A007B1B64 /* Supporting Files */ = {
			isa = PBXGroup;
			children = (
				CD23DE2E1A08EB5A007B1B64 /* Info.plist */,
			);
			name = "Supporting Files";
			sourceTree = "<group>";
		};
/* End PBXGroup section */

/* Begin PBXNativeTarget section */
		CD23DE131A08EB59007B1B64 /* FutureFilms */ = {
			isa = PBXNativeTarget;
			buildConfigurationList = CD23DE331A08EB5A007B1B64 /* Build configuration list for PBXNativeTarget "FutureFilms" */;
			buildPhases = (
				CD23DE101A08EB59007B1B64 /* Sources */,
				CD23DE111A08EB59007B1B64 /* Frameworks */,
				CD23DE121A08EB59007B1B64 /* Resources */,
			);
			buildRules = (
			);
			dependencies = (
			);
			name = FutureFilms;
			productName = FutureFilms;
			productReference = CD23DE141A08EB59007B1B64 /* FutureFilms.app */;
			productType = "com.apple.product-type.application";
		};
		CD23DE281A08EB5A007B1B64 /* FutureFilmsTests */ = {
			isa = PBXNativeTarget;
			buildConfigurationList = CD23DE361A08EB5A007B1B64 /* Build configuration list for PBXNativeTarget "FutureFilmsTests" */;
			buildPhases = (
				CD23DE251A08EB5A007B1B64 /* Sources */,
				CD23DE261A08EB5A007B1B64 /* Frameworks */,
				CD23DE271A08EB5A007B1B64 /* Resources */,
			);
			buildRules = (
			);
			dependencies = (
				CD23DE2B1A08EB5A007B1B64 /* PBXTargetDependency */,
			);
			name = FutureFilmsTests;
			productName = FutureFilmsTests;
			productReference = CD23DE291A08EB5A007B1B64 /* FutureFilmsTests.xctest */;
			productType = "com.apple.product-type.bundle.unit-test";
		};
/* End PBXNativeTarget section */

/* Begin PBXProject section */
		CD23DE0C1A08EB59007B1B64 /* Project object */ = {
			isa = PBXProject;
			attributes = {
				LastUpgradeCheck = 0610;
				ORGANIZATIONNAME = "Patrick Triest";
				TargetAttributes = {
					CD23DE131A08EB59007B1B64 = {
						CreatedOnToolsVersion = 6.1;
					};
					CD23DE281A08EB5A007B1B64 = {
						CreatedOnToolsVersion = 6.1;
						TestTargetID = CD23DE131A08EB59007B1B64;
					};
				};
			};
			buildConfigurationList = CD23DE0F1A08EB59007B1B64 /* Build configuration list for PBXProject "FutureFilms" */;
			compatibilityVersion = "Xcode 3.2";
			developmentRegion = English;
			hasScannedForEncodings = 0;
			knownRegions = (
				en,
				Base,
			);
			mainGroup = CD23DE0B1A08EB59007B1B64;
			productRefGroup = CD23DE151A08EB59007B1B64 /* Products */;
			projectDirPath = "";
			projectRoot = "";
			targets = (
				CD23DE131A08EB59007B1B64 /* FutureFilms */,
				CD23DE281A08EB5A007B1B64 /* FutureFilmsTests */,
			);
		};
/* End PBXProject section */

/* Begin PBXResourcesBuildPhase section */
		CD23DE121A08EB59007B1B64 /* Resources */ = {
			isa = PBXResourcesBuildPhase;
			buildActionMask = 2147483647;
			files = (
				CD23DE1F1A08EB5A007B1B64 /* Main.storyboard in Resources */,
				CD23DE241A08EB5A007B1B64 /* LaunchScreen.xib in Resources */,
				CD23DE211A08EB5A007B1B64 /* Images.xcassets in Resources */,
			);
			runOnlyForDeploymentPostprocessing = 0;
		};
		CD23DE271A08EB5A007B1B64 /* Resources */ = {
			isa = PBXResourcesBuildPhase;
			buildActionMask = 2147483647;
			files = (
			);
			runOnlyForDeploymentPostprocessing = 0;
		};
/* End PBXResourcesBuildPhase section */

/* Begin PBXSourcesBuildPhase section */
		CD23DE101A08EB59007B1B64 /* Sources */ = {
			isa = PBXSourcesBuildPhase;
			buildActionMask = 2147483647;
			files = (
				CD23DE3E1A08F63B007B1B64 /* MoviesTableViewController.swift in Sources */,
				CD23DE3C1A08EC4D007B1B64 /* MovieManager.swift in Sources */,
				CD23DE3A1A08EC0F007B1B64 /* Movie.swift in Sources */,
				CD23DE1A1A08EB5A007B1B64 /* AppDelegate.swift in Sources */,
			);
			runOnlyForDeploymentPostprocessing = 0;
		};
		CD23DE251A08EB5A007B1B64 /* Sources */ = {
			isa = PBXSourcesBuildPhase;
			buildActionMask = 2147483647;
			files = (
				CD23DE301A08EB5A007B1B64 /* FutureFilmsTests.swift in Sources */,
			);
			runOnlyForDeploymentPostprocessing = 0;
		};
/* End PBXSourcesBuildPhase section */

/* Begin PBXTargetDependency section */
		CD23DE2B1A08EB5A007B1B64 /* PBXTargetDependency */ = {
			isa = PBXTargetDependency;
			target = CD23DE131A08EB59007B1B64 /* FutureFilms */;
			targetProxy = CD23DE2A1A08EB5A007B1B64 /* PBXContainerItemProxy */;
		};
/* End PBXTargetDependency section */

/* Begin PBXVariantGroup section */
		CD23DE1D1A08EB5A007B1B64 /* Main.storyboard */ = {
			isa = PBXVariantGroup;
			children = (
				CD23DE1E1A08EB5A007B1B64 /* Base */,
			);
			name = Main.storyboard;
			sourceTree = "<group>";
		};
		CD23DE221A08EB5A007B1B64 /* LaunchScreen.xib */ = {
			isa = PBXVariantGroup;
			children = (
				CD23DE231A08EB5A007B1B64 /* Base */,
			);
			name = LaunchScreen.xib;
			sourceTree = "<group>";
		};
/* End PBXVariantGroup section */

/* Begin XCBuildConfiguration section */
		CD23DE311A08EB5A007B1B64 /* Debug */ = {
			isa = XCBuildConfiguration;
			buildSettings = {
				ALWAYS_SEARCH_USER_PATHS = NO;
				CLANG_CXX_LANGUAGE_STANDARD = "gnu++0x";
				CLANG_CXX_LIBRARY = "libc++";
				CLANG_ENABLE_MODULES = YES;
				CLANG_ENABLE_OBJC_ARC = YES;
				CLANG_WARN_BOOL_CONVERSION = YES;
				CLANG_WARN_CONSTANT_CONVERSION = YES;
				CLANG_WARN_DIRECT_OBJC_ISA_USAGE = YES_ERROR;
				CLANG_WARN_EMPTY_BODY = YES;
				CLANG_WARN_ENUM_CONVERSION = YES;
				CLANG_WARN_INT_CONVERSION = YES;
				CLANG_WARN_OBJC_ROOT_CLASS = YES_ERROR;
				CLANG_WARN_UNREACHABLE_CODE = YES;
				CLANG_WARN__DUPLICATE_METHOD_MATCH = YES;
				"CODE_SIGN_IDENTITY[sdk=iphoneos*]" = "iPhone Developer";
				COPY_PHASE_STRIP = NO;
				ENABLE_STRICT_OBJC_MSGSEND = YES;
				GCC_C_LANGUAGE_STANDARD = gnu99;
				GCC_DYNAMIC_NO_PIC = NO;
				GCC_OPTIMIZATION_LEVEL = 0;
				GCC_PREPROCESSOR_DEFINITIONS = (
					"DEBUG=1",
					"$(inherited)",
				);
				GCC_SYMBOLS_PRIVATE_EXTERN = NO;
				GCC_WARN_64_TO_32_BIT_CONVERSION = YES;
				GCC_WARN_ABOUT_RETURN_TYPE = YES_ERROR;
				GCC_WARN_UNDECLARED_SELECTOR = YES;
				GCC_WARN_UNINITIALIZED_AUTOS = YES_AGGRESSIVE;
				GCC_WARN_UNUSED_FUNCTION = YES;
				GCC_WARN_UNUSED_VARIABLE = YES;
				IPHONEOS_DEPLOYMENT_TARGET = 8.1;
				MTL_ENABLE_DEBUG_INFO = YES;
				ONLY_ACTIVE_ARCH = YES;
				SDKROOT = iphoneos;
				SWIFT_OPTIMIZATION_LEVEL = "-Onone";
			};
			name = Debug;
		};
		CD23DE321A08EB5A007B1B64 /* Release */ = {
			isa = XCBuildConfiguration;
			buildSettings = {
				ALWAYS_SEARCH_USER_PATHS = NO;
				CLANG_CXX_LANGUAGE_STANDARD = "gnu++0x";
				CLANG_CXX_LIBRARY = "libc++";
				CLANG_ENABLE_MODULES = YES;
				CLANG_ENABLE_OBJC_ARC = YES;
				CLANG_WARN_BOOL_CONVERSION = YES;
				CLANG_WARN_CONSTANT_CONVERSION = YES;
				CLANG_WARN_DIRECT_OBJC_ISA_USAGE = YES_ERROR;
				CLANG_WARN_EMPTY_BODY = YES;
				CLANG_WARN_ENUM_CONVERSION = YES;
				CLANG_WARN_INT_CONVERSION = YES;
				CLANG_WARN_OBJC_ROOT_CLASS = YES_ERROR;
				CLANG_WARN_UNREACHABLE_CODE = YES;
				CLANG_WARN__DUPLICATE_METHOD_MATCH = YES;
				"CODE_SIGN_IDENTITY[sdk=iphoneos*]" = "iPhone Developer";
				COPY_PHASE_STRIP = YES;
				ENABLE_NS_ASSERTIONS = NO;
				ENABLE_STRICT_OBJC_MSGSEND = YES;
				GCC_C_LANGUAGE_STANDARD = gnu99;
				GCC_WARN_64_TO_32_BIT_CONVERSION = YES;
				GCC_WARN_ABOUT_RETURN_TYPE = YES_ERROR;
				GCC_WARN_UNDECLARED_SELECTOR = YES;
				GCC_WARN_UNINITIALIZED_AUTOS = YES_AGGRESSIVE;
				GCC_WARN_UNUSED_FUNCTION = YES;
				GCC_WARN_UNUSED_VARIABLE = YES;
				IPHONEOS_DEPLOYMENT_TARGET = 8.1;
				MTL_ENABLE_DEBUG_INFO = NO;
				SDKROOT = iphoneos;
				VALIDATE_PRODUCT = YES;
			};
			name = Release;
		};
		CD23DE341A08EB5A007B1B64 /* Debug */ = {
			isa = XCBuildConfiguration;
			buildSettings = {
				ASSETCATALOG_COMPILER_APPICON_NAME = AppIcon;
				INFOPLIST_FILE = FutureFilms/Info.plist;
				LD_RUNPATH_SEARCH_PATHS = "$(inherited) @executable_path/Frameworks";
				PRODUCT_NAME = "$(TARGET_NAME)";
			};
			name = Debug;
		};
		CD23DE351A08EB5A007B1B64 /* Release */ = {
			isa = XCBuildConfiguration;
			buildSettings = {
				ASSETCATALOG_COMPILER_APPICON_NAME = AppIcon;
				INFOPLIST_FILE = FutureFilms/Info.plist;
				LD_RUNPATH_SEARCH_PATHS = "$(inherited) @executable_path/Frameworks";
				PRODUCT_NAME = "$(TARGET_NAME)";
			};
			name = Release;
		};
		CD23DE371A08EB5A007B1B64 /* Debug */ = {
			isa = XCBuildConfiguration;
			buildSettings = {
				BUNDLE_LOADER = "$(TEST_HOST)";
				FRAMEWORK_SEARCH_PATHS = (
					"$(SDKROOT)/Developer/Library/Frameworks",
					"$(inherited)",
				);
				GCC_PREPROCESSOR_DEFINITIONS = (
					"DEBUG=1",
					"$(inherited)",
				);
				INFOPLIST_FILE = FutureFilmsTests/Info.plist;
				LD_RUNPATH_SEARCH_PATHS = "$(inherited) @executable_path/Frameworks @loader_path/Frameworks";
				PRODUCT_NAME = "$(TARGET_NAME)";
				TEST_HOST = "$(BUILT_PRODUCTS_DIR)/FutureFilms.app/FutureFilms";
			};
			name = Debug;
		};
		CD23DE381A08EB5A007B1B64 /* Release */ = {
			isa = XCBuildConfiguration;
			buildSettings = {
				BUNDLE_LOADER = "$(TEST_HOST)";
				FRAMEWORK_SEARCH_PATHS = (
					"$(SDKROOT)/Developer/Library/Frameworks",
					"$(inherited)",
				);
				INFOPLIST_FILE = FutureFilmsTests/Info.plist;
				LD_RUNPATH_SEARCH_PATHS = "$(inherited) @executable_path/Frameworks @loader_path/Frameworks";
				PRODUCT_NAME = "$(TARGET_NAME)";
				TEST_HOST = "$(BUILT_PRODUCTS_DIR)/FutureFilms.app/FutureFilms";
			};
			name = Release;
		};
/* End XCBuildConfiguration section */

/* Begin XCConfigurationList section */
		CD23DE0F1A08EB59007B1B64 /* Build configuration list for PBXProject "FutureFilms" */ = {
			isa = XCConfigurationList;
			buildConfigurations = (
				CD23DE311A08EB5A007B1B64 /* Debug */,
				CD23DE321A08EB5A007B1B64 /* Release */,
			);
			defaultConfigurationIsVisible = 0;
			defaultConfigurationName = Release;
		};
		CD23DE331A08EB5A007B1B64 /* Build configuration list for PBXNativeTarget "FutureFilms" */ = {
			isa = XCConfigurationList;
			buildConfigurations = (
				CD23DE341A08EB5A007B1B64 /* Debug */,
				CD23DE351A08EB5A007B1B64 /* Release */,
			);
			defaultConfigurationIsVisible = 0;
		};
		CD23DE361A08EB5A007B1B64 /* Build configuration list for PBXNativeTarget "FutureFilmsTests" */ = {
			isa = XCConfigurationList;
			buildConfigurations = (
				CD23DE371A08EB5A007B1B64 /* Debug */,
				CD23DE381A08EB5A007B1B64 /* Release */,
			);
			defaultConfigurationIsVisible = 0;
		};
/* End XCConfigurationList section */
	};
	rootObject = CD23DE0C1A08EB59007B1B64 /* Project object */;
}
